# This file was autogenerated by Stack.
# You should not edit this file by hand.
# For more information, please see the documentation at:
#   https://docs.haskellstack.org/en/stable/lock_files

packages:
- completed:
    commit: 7e0c4f4d865cfa4699b1e0831ef759eb5dce8d90
    git: https://github.com/haskell-game/fungen.git
    name: FunGEn
    pantry-tree:
      sha256: 1baba7b9d16182c95d3631c43998b4b27871810392e49c45fd93114c2dc9cff0
      size: 3325
    version: 1.1.1
  original:
    commit: 7e0c4f4d865cfa4699b1e0831ef759eb5dce8d90
    git: https://github.com/haskell-game/fungen.git
snapshots:
- completed:
    sha256: 1d5fb7e344e76dd2c8958e3061d4e4dabb50a1355e6ff02e7d0e4f754c0adf47
    size: 640015
    url: https://raw.githubusercontent.com/commercialhaskell/stackage-snapshots/master/lts/21/5.yaml
  original:
    url: https://raw.githubusercontent.com/commercialhaskell/stackage-snapshots/master/lts/21/5.yaml
